// !$*UTF8*$!
{
	archiveVersion = 1;
	classes = {
	};
	objectVersion = 46;
	objects = {

/* Begin PBXBuildFile section */
		D97CAC641F7486C000D2E07A /* AppDelegate.swift in Sources */ = {isa = PBXBuildFile; fileRef = D97CAC631F7486C000D2E07A /* AppDelegate.swift */; };
		D97CAC661F7486C000D2E07A /* ViewController.swift in Sources */ = {isa = PBXBuildFile; fileRef = D97CAC651F7486C000D2E07A /* ViewController.swift */; };
		D97CAC691F7486C000D2E07A /* Main.storyboard in Resources */ = {isa = PBXBuildFile; fileRef = D97CAC671F7486C000D2E07A /* Main.storyboard */; };
		D97CAC6B1F7486C000D2E07A /* Assets.xcassets in Resources */ = {isa = PBXBuildFile; fileRef = D97CAC6A1F7486C000D2E07A /* Assets.xcassets */; };
		D97CAC6E1F7486C000D2E07A /* LaunchScreen.storyboard in Resources */ = {isa = PBXBuildFile; fileRef = D97CAC6C1F7486C000D2E07A /* LaunchScreen.storyboard */; };
		D97CAC761F74936700D2E07A /* Connector.swift in Sources */ = {isa = PBXBuildFile; fileRef = D97CAC751F74936700D2E07A /* Connector.swift */; };
/* End PBXBuildFile section */

/* Begin PBXFileReference section */
		D97CAC601F7486C000D2E07A /* Weather app.app */ = {isa = PBXFileReference; explicitFileType = wrapper.application; includeInIndex = 0; path = "Weather app.app"; sourceTree = BUILT_PRODUCTS_DIR; };
		D97CAC631F7486C000D2E07A /* AppDelegate.swift */ = {isa = PBXFileReference; lastKnownFileType = sourcecode.swift; path = AppDelegate.swift; sourceTree = "<group>"; };
		D97CAC651F7486C000D2E07A /* ViewController.swift */ = {isa = PBXFileReference; lastKnownFileType = sourcecode.swift; path = ViewController.swift; sourceTree = "<group>"; };
		D97CAC681F7486C000D2E07A /* Base */ = {isa = PBXFileReference; lastKnownFileType = file.storyboard; name = Base; path = Base.lproj/Main.storyboard; sourceTree = "<group>"; };
		D97CAC6A1F7486C000D2E07A /* Assets.xcassets */ = {isa = PBXFileReference; lastKnownFileType = folder.assetcatalog; path = Assets.xcassets; sourceTree = "<group>"; };
		D97CAC6D1F7486C000D2E07A /* Base */ = {isa = PBXFileReference; lastKnownFileType = file.storyboard; name = Base; path = Base.lproj/LaunchScreen.storyboard; sourceTree = "<group>"; };
		D97CAC6F1F7486C000D2E07A /* Info.plist */ = {isa = PBXFileReference; lastKnownFileType = text.plist.xml; path = Info.plist; sourceTree = "<group>"; };
		D97CAC751F74936700D2E07A /* Connector.swift */ = {isa = PBXFileReference; fileEncoding = 4; lastKnownFileType = sourcecode.swift; path = Connector.swift; sourceTree = "<group>"; };
/* End PBXFileReference section */

/* Begin PBXFrameworksBuildPhase section */
		D97CAC5D1F7486C000D2E07A /* Frameworks */ = {
			isa = PBXFrameworksBuildPhase;
			buildActionMask = 2147483647;
			files = (
			);
			runOnlyForDeploymentPostprocessing = 0;
		};
/* End PBXFrameworksBuildPhase section */

/* Begin PBXGroup section */
		D97CAC571F7486C000D2E07A = {
			isa = PBXGroup;
			children = (
				D97CAC621F7486C000D2E07A /* Weather app */,
				D97CAC611F7486C000D2E07A /* Products */,
			);
			sourceTree = "<group>";
		};
		D97CAC611F7486C000D2E07A /* Products */ = {
			isa = PBXGroup;
			children = (
				D97CAC601F7486C000D2E07A /* Weather app.app */,
			);
			name = Products;
			sourceTree = "<group>";
		};
		D97CAC621F7486C000D2E07A /* Weather app */ = {
			isa = PBXGroup;
			children = (
				D97CAC631F7486C000D2E07A /* AppDelegate.swift */,
				D97CAC651F7486C000D2E07A /* ViewController.swift */,
				D97CAC751F74936700D2E07A /* Connector.swift */,
				D97CAC671F7486C000D2E07A /* Main.storyboard */,
				D97CAC6A1F7486C000D2E07A /* Assets.xcassets */,
				D97CAC6C1F7486C000D2E07A /* LaunchScreen.storyboard */,
				D97CAC6F1F7486C000D2E07A /* Info.plist */,
			);
			path = "Weather app";
			sourceTree = "<group>";
		};
/* End PBXGroup section */

/* Begin PBXNativeTarget section */
		D97CAC5F1F7486C000D2E07A /* Weather app */ = {
			isa = PBXNativeTarget;
			buildConfigurationList = D97CAC721F7486C000D2E07A /* Build configuration list for PBXNativeTarget "Weather app" */;
			buildPhases = (
				D97CAC5C1F7486C000D2E07A /* Sources */,
				D97CAC5D1F7486C000D2E07A /* Frameworks */,
				D97CAC5E1F7486C000D2E07A /* Resources */,
			);
			buildRules = (
			);
			dependencies = (
			);
			name = "Weather app";
			productName = "Weather app";
			productReference = D97CAC601F7486C000D2E07A /* Weather app.app */;
			productType = "com.apple.product-type.application";
		};
/* End PBXNativeTarget section */

/* Begin PBXProject section */
		D97CAC581F7486C000D2E07A /* Project object */ = {
			isa = PBXProject;
			attributes = {
				LastSwiftUpdateCheck = 0820;
				LastUpgradeCheck = 0820;
				ORGANIZATIONNAME = Muteb;
				TargetAttributes = {
					D97CAC5F1F7486C000D2E07A = {
						CreatedOnToolsVersion = 8.2;
						ProvisioningStyle = Automatic;
					};
				};
			};
			buildConfigurationList = D97CAC5B1F7486C000D2E07A /* Build configuration list for PBXProject "Weather app" */;
			compatibilityVersion = "Xcode 3.2";
			developmentRegion = English;
			hasScannedForEncodings = 0;
			knownRegions = (
				en,
				Base,
			);
			mainGroup = D97CAC571F7486C000D2E07A;
			productRefGroup = D97CAC611F7486C000D2E07A /* Products */;
			projectDirPath = "";
			projectRoot = "";
			targets = (
				D97CAC5F1F7486C000D2E07A /* Weather app */,
			);
		};
/* End PBXProject section */

/* Begin PBXResourcesBuildPhase section */
		D97CAC5E1F7486C000D2E07A /* Resources */ = {
			isa = PBXResourcesBuildPhase;
			buildActionMask = 2147483647;
			files = (
				D97CAC6E1F7486C000D2E07A /* LaunchScreen.storyboard in Resources */,
				D97CAC6B1F7486C000D2E07A /* Assets.xcassets in Resources */,
				D97CAC691F7486C000D2E07A /* Main.storyboard in Resources */,
			);
			runOnlyForDeploymentPostprocessing = 0;
		};
/* End PBXResourcesBuildPhase section */

/* Begin PBXSourcesBuildPhase section */
		D97CAC5C1F7486C000D2E07A /* Sources */ = {
			isa = PBXSourcesBuildPhase;
			buildActionMask = 2147483647;
			files = (
				D97CAC761F74936700D2E07A /* Connector.swift in Sources */,
				D97CAC661F7486C000D2E07A /* ViewController.swift in Sources */,
				D97CAC641F7486C000D2E07A /* AppDelegate.swift in Sources */,
			);
			runOnlyForDeploymentPostprocessing = 0;
		};
/* End PBXSourcesBuildPhase section */

/* Begin PBXVariantGroup section */
		D97CAC671F7486C000D2E07A /* Main.storyboard */ = {
			isa = PBXVariantGroup;
			children = (
				D97CAC681F7486C000D2E07A /* Base */,
			);
			name = Main.storyboard;
			sourceTree = "<group>";
		};
		D97CAC6C1F7486C000D2E07A /* LaunchScreen.storyboard */ = {
			isa = PBXVariantGroup;
			children = (
				D97CAC6D1F7486C000D2E07A /* Base */,
			);
			name = LaunchScreen.storyboard;
			sourceTree = "<group>";
		};
/* End PBXVariantGroup section */

/* Begin XCBuildConfiguration section */
		D97CAC701F7486C000D2E07A /* Debug */ = {
			isa = XCBuildConfiguration;
			buildSettings = {
				ALWAYS_SEARCH_USER_PATHS = NO;
				CLANG_ANALYZER_NONNULL = YES;
				CLANG_CXX_LANGUAGE_STANDARD = "gnu++0x";
				CLANG_CXX_LIBRARY = "libc++";
				CLANG_ENABLE_MODULES = YES;
				CLANG_ENABLE_OBJC_ARC = YES;
				CLANG_WARN_BOOL_CONVERSION = YES;
				CLANG_WARN_CONSTANT_CONVERSION = YES;
				CLANG_WARN_DIRECT_OBJC_ISA_USAGE = YES_ERROR;
				CLANG_WARN_DOCUMENTATION_COMMENTS = YES;
				CLANG_WARN_EMPTY_BODY = YES;
				CLANG_WARN_ENUM_CONVERSION = YES;
				CLANG_WARN_INFINITE_RECURSION = YES;
				CLANG_WARN_INT_CONVERSION = YES;
				CLANG_WARN_OBJC_ROOT_CLASS = YES_ERROR;
				CLANG_WARN_SUSPICIOUS_MOVE = YES;
				CLANG_WARN_UNREACHABLE_CODE = YES;
				CLANG_WARN__DUPLICATE_METHOD_MATCH = YES;
				"CODE_SIGN_IDENTITY[sdk=iphoneos*]" = "iPhone Developer";
				COPY_PHASE_STRIP = NO;
				DEBUG_INFORMATION_FORMAT = dwarf;
				ENABLE_STRICT_OBJC_MSGSEND = YES;
				ENABLE_TESTABILITY = YES;
				GCC_C_LANGUAGE_STANDARD = gnu99;
				GCC_DYNAMIC_NO_PIC = NO;
				GCC_NO_COMMON_BLOCKS = YES;
				GCC_OPTIMIZATION_LEVEL = 0;
				GCC_PREPROCESSOR_DEFINITIONS = (
					"DEBUG=1",
					"$(inherited)",
				);
				GCC_WARN_64_TO_32_BIT_CONVERSION = YES;
				GCC_WARN_ABOUT_RETURN_TYPE = YES_ERROR;
				GCC_WARN_UNDECLARED_SELECTOR = YES;
				GCC_WARN_UNINITIALIZED_AUTOS = YES_AGGRESSIVE;
				GCC_WARN_UNUSED_FUNCTION = YES;
				GCC_WARN_UNUSED_VARIABLE = YES;
				IPHONEOS_DEPLOYMENT_TARGET = 10.2;
				MTL_ENABLE_DEBUG_INFO = YES;
				ONLY_ACTIVE_ARCH = YES;
				SDKROOT = iphoneos;
				SWIFT_ACTIVE_COMPILATION_CONDITIONS = DEBUG;
				SWIFT_OPTIMIZATION_LEVEL = "-Onone";
				TARGETED_DEVICE_FAMILY = "1,2";
			};
			name = Debug;
		};
		D97CAC711F7486C000D2E07A /* Release */ = {
			isa = XCBuildConfiguration;
			buildSettings = {
				ALWAYS_SEARCH_USER_PATHS = NO;
				CLANG_ANALYZER_NONNULL = YES;
				CLANG_CXX_LANGUAGE_STANDARD = "gnu++0x";
				CLANG_CXX_LIBRARY = "libc++";
				CLANG_ENABLE_MODULES = YES;
				CLANG_ENABLE_OBJC_ARC = YES;
				CLANG_WARN_BOOL_CONVERSION = YES;
				CLANG_WARN_CONSTANT_CONVERSION = YES;
				CLANG_WARN_DIRECT_OBJC_ISA_USAGE = YES_ERROR;
				CLANG_WARN_DOCUMENTATION_COMMENTS = YES;
				CLANG_WARN_EMPTY_BODY = YES;
				CLANG_WARN_ENUM_CONVERSION = YES;
				CLANG_WARN_INFINITE_RECURSION = YES;
				CLANG_WARN_INT_CONVERSION = YES;
				CLANG_WARN_OBJC_ROOT_CLASS = YES_ERROR;
				CLANG_WARN_SUSPICIOUS_MOVE = YES;
				CLANG_WARN_UNREACHABLE_CODE = YES;
				CLANG_WARN__DUPLICATE_METHOD_MATCH = YES;
				"CODE_SIGN_IDENTITY[sdk=iphoneos*]" = "iPhone Developer";
				COPY_PHASE_STRIP = NO;
				DEBUG_INFORMATION_FORMAT = "dwarf-with-dsym";
				ENABLE_NS_ASSERTIONS = NO;
				ENABLE_STRICT_OBJC_MSGSEND = YES;
				GCC_C_LANGUAGE_STANDARD = gnu99;
				GCC_NO_COMMON_BLOCKS = YES;
				GCC_WARN_64_TO_32_BIT_CONVERSION = YES;
				GCC_WARN_ABOUT_RETURN_TYPE = YES_ERROR;
				GCC_WARN_UNDECLARED_SELECTOR = YES;
				GCC_WARN_UNINITIALIZED_AUTOS = YES_AGGRESSIVE;
				GCC_WARN_UNUSED_FUNCTION = YES;
				GCC_WARN_UNUSED_VARIABLE = YES;
				IPHONEOS_DEPLOYMENT_TARGET = 10.2;
				MTL_ENABLE_DEBUG_INFO = NO;
				SDKROOT = iphoneos;
				SWIFT_OPTIMIZATION_LEVEL = "-Owholemodule";
				TARGETED_DEVICE_FAMILY = "1,2";
				VALIDATE_PRODUCT = YES;
			};
			name = Release;
		};
		D97CAC731F7486C000D2E07A /* Debug */ = {
			isa = XCBuildConfiguration;
			buildSettings = {
				ASSETCATALOG_COMPILER_APPICON_NAME = AppIcon;
				INFOPLIST_FILE = "Weather app/Info.plist";
				LD_RUNPATH_SEARCH_PATHS = "$(inherited) @executable_path/Frameworks";
				PRODUCT_BUNDLE_IDENTIFIER = "com.muteb.Weather-app";
				PRODUCT_NAME = "$(TARGET_NAME)";
				SWIFT_VERSION = 3.0;
			};
			name = Debug;
		};
		D97CAC741F7486C000D2E07A /* Release */ = {
			isa = XCBuildConfiguration;
			buildSettings = {
				ASSETCATALOG_COMPILER_APPICON_NAME = AppIcon;
				INFOPLIST_FILE = "Weather app/Info.plist";
				LD_RUNPATH_SEARCH_PATHS = "$(inherited) @executable_path/Frameworks";
				PRODUCT_BUNDLE_IDENTIFIER = "com.muteb.Weather-app";
				PRODUCT_NAME = "$(TARGET_NAME)";
				SWIFT_VERSION = 3.0;
			};
			name = Release;
		};
/* End XCBuildConfiguration section */

/* Begin XCConfigurationList section */
		D97CAC5B1F7486C000D2E07A /* Build configuration list for PBXProject "Weather app" */ = {
			isa = XCConfigurationList;
			buildConfigurations = (
				D97CAC701F7486C000D2E07A /* Debug */,
				D97CAC711F7486C000D2E07A /* Release */,
			);
			defaultConfigurationIsVisible = 0;
			defaultConfigurationName = Release;
		};
		D97CAC721F7486C000D2E07A /* Build configuration list for PBXNativeTarget "Weather app" */ = {
			isa = XCConfigurationList;
			buildConfigurations = (
				D97CAC731F7486C000D2E07A /* Debug */,
				D97CAC741F7486C000D2E07A /* Release */,
			);
			defaultConfigurationIsVisible = 0;
		};
/* End XCConfigurationList section */
	};
	rootObject = D97CAC581F7486C000D2E07A /* Project object */;
}
